
Microsoft Visual Studio Solution File, Format Version 12.00
# Visual Studio Version 16
VisualStudioVersion = 16.0.29123.88
MinimumVisualStudioVersion = 10.0.40219.1
Project("{9A19103F-16F7-4668-BE54-9A1E7A4F7556}") = "RoomTemp", "RoomTemp\RoomTemp.csproj", "{9B64700E-96EC-4BC4-9EB9-F1ED69C82EC8}"
EndProject
Project("{9A19103F-16F7-4668-BE54-9A1E7A4F7556}") = "RoomTemp.Data", "RoomTemp.Data\RoomTemp.Data.csproj", "{3B721634-4AE6-4F25-AD3A-545DFCE477E7}"
EndProject
Project("{9A19103F-16F7-4668-BE54-9A1E7A4F7556}") = "RoomTemp.Tests", "RoomTemp.Tests\RoomTemp.Tests.csproj", "{0AF051F8-05B8-443E-9B14-DAF9E241167B}"
EndProject
Global
	GlobalSection(SolutionConfigurationPlatforms) = preSolution
		Debug|Any CPU = Debug|Any CPU
		Release|Any CPU = Release|Any CPU
	EndGlobalSection
	GlobalSection(ProjectConfigurationPlatforms) = postSolution
		{9B64700E-96EC-4BC4-9EB9-F1ED69C82EC8}.Debug|Any CPU.ActiveCfg = Debug|Any CPU
		{9B64700E-96EC-4BC4-9EB9-F1ED69C82EC8}.Debug|Any CPU.Build.0 = Debug|Any CPU
		{9B64700E-96EC-4BC4-9EB9-F1ED69C82EC8}.Release|Any CPU.ActiveCfg = Release|Any CPU
		{9B64700E-96EC-4BC4-9EB9-F1ED69C82EC8}.Release|Any CPU.Build.0 = Release|Any CPU
		{3B721634-4AE6-4F25-AD3A-545DFCE477E7}.Debug|Any CPU.ActiveCfg = Debug|Any CPU
		{3B721634-4AE6-4F25-AD3A-545DFCE477E7}.Debug|Any CPU.Build.0 = Debug|Any CPU
		{3B721634-4AE6-4F25-AD3A-545DFCE477E7}.Release|Any CPU.ActiveCfg = Release|Any CPU
		{3B721634-4AE6-4F25-AD3A-545DFCE477E7}.Release|Any CPU.Build.0 = Release|Any CPU
		{0AF051F8-05B8-443E-9B14-DAF9E241167B}.Debug|Any CPU.ActiveCfg = Debug|Any CPU
		{0AF051F8-05B8-443E-9B14-DAF9E241167B}.Debug|Any CPU.Build.0 = Debug|Any CPU
		{0AF051F8-05B8-443E-9B14-DAF9E241167B}.Release|Any CPU.ActiveCfg = Release|Any CPU
		{0AF051F8-05B8-443E-9B14-DAF9E241167B}.Release|Any CPU.Build.0 = Release|Any CPU
	EndGlobalSection
	GlobalSection(SolutionProperties) = preSolution
		HideSolutionNode = FALSE
	EndGlobalSection
	GlobalSection(ExtensibilityGlobals) = postSolution
		SolutionGuid = {FC2FB0DB-A97E-4EAA-8F0D-4F8DAE8F7219}
	EndGlobalSection
EndGlobal
